<Solution>
  <Folder Name="/src/">
    <Project Path="src/MyTaskApp.Application/MyTaskApp.Application.csproj" />
    <Project Path="src/MyTaskApp.Desktop/MyTaskApp.Desktop.csproj" />
    <Project Path="src/MyTaskApp.Domain/MyTaskApp.Domain.csproj" />
    <Project Path="src/MyTaskApp.Infrastructure/MyTaskApp.Infrastructure.csproj" />
  </Folder>
  <Folder Name="/tests/">
    <Project Path="tests/MyTaskApp.Application.Tests/MyTaskApp.Application.Tests.csproj" />
    <Project Path="tests/MyTaskApp.Desktop.Tests/MyTaskApp.Desktop.Tests.csproj" />
    <Project Path="tests/MyTaskApp.Domain.Tests/MyTaskApp.Domain.Tests.csproj" />
    <Project Path="tests/MyTaskApp.Infrastructure.Tests/MyTaskApp.Infrastructure.Tests.csproj" />
    <Project Path="tests/MyTaskApp.Packaging.Tests/MyTaskApp.Packaging.Tests.csproj" />
  </Folder>
</Solution>
